
Microsoft Visual Studio Solution File, Format Version 12.00
# Visual Studio 15
VisualStudioVersion = 15.0.28307.168
MinimumVisualStudioVersion = 10.0.40219.1
Project("{2150E333-8FDC-42A3-9474-1A3956D46DE8}") = "src", "src", "{5A6A683B-DFE4-481A-BB51-E94DA4904C59}"
EndProject
Project("{2150E333-8FDC-42A3-9474-1A3956D46DE8}") = "Core", "Core", "{5DDB819E-5536-4288-B8FC-9EA5E592DF55}"
EndProject
Project("{2150E333-8FDC-42A3-9474-1A3956D46DE8}") = "Common", "Common", "{93FCAFA5-A367-439C-9335-FA72388ACEE1}"
EndProject
Project("{2150E333-8FDC-42A3-9474-1A3956D46DE8}") = "Infrastructure", "Infrastructure", "{180C2C83-66FD-4A4B-AC30-34699C94A513}"
EndProject
Project("{2150E333-8FDC-42A3-9474-1A3956D46DE8}") = "Presentation", "Presentation", "{F778C4FF-2887-474E-B67E-F9C7D55BF0C6}"
EndProject
Project("{9A19103F-16F7-4668-BE54-9A1E7A4F7556}") = "Pard.Persistence", "Pard.Persistence\Pard.Persistence.csproj", "{885053F5-C7DE-4851-9EF1-1EC67AD67A14}"
EndProject
Project("{9A19103F-16F7-4668-BE54-9A1E7A4F7556}") = "Pard.Domain", "Pard.Domain\Pard.Domain.csproj", "{F64F6471-F2FD-4DA0-AB81-B8AB5922C3D8}"
EndProject
Project("{9A19103F-16F7-4668-BE54-9A1E7A4F7556}") = "Pard.Application", "Pard.Application\Pard.Application.csproj", "{28A427AB-1D32-4383-BA6E-E588BC9C9973}"
EndProject
Project("{9A19103F-16F7-4668-BE54-9A1E7A4F7556}") = "Pard.WebApi", "Pard.WebApi\Pard.WebApi.csproj", "{84FB2F67-90A2-4F59-9F10-682CA3F1CCAC}"
EndProject
Project("{FAE04EC0-301F-11D3-BF4B-00C04F79EFBC}") = "Pard.Infrastructure", "Pard.Infrastructure\Pard.Infrastructure.csproj", "{4F17C6AC-3CC2-4A6B-902F-71E40A518D00}"
EndProject
Global
	GlobalSection(SolutionConfigurationPlatforms) = preSolution
		Debug|Any CPU = Debug|Any CPU
		Release|Any CPU = Release|Any CPU
	EndGlobalSection
	GlobalSection(ProjectConfigurationPlatforms) = postSolution
		{885053F5-C7DE-4851-9EF1-1EC67AD67A14}.Debug|Any CPU.ActiveCfg = Debug|Any CPU
		{885053F5-C7DE-4851-9EF1-1EC67AD67A14}.Debug|Any CPU.Build.0 = Debug|Any CPU
		{885053F5-C7DE-4851-9EF1-1EC67AD67A14}.Release|Any CPU.ActiveCfg = Release|Any CPU
		{885053F5-C7DE-4851-9EF1-1EC67AD67A14}.Release|Any CPU.Build.0 = Release|Any CPU
		{F64F6471-F2FD-4DA0-AB81-B8AB5922C3D8}.Debug|Any CPU.ActiveCfg = Debug|Any CPU
		{F64F6471-F2FD-4DA0-AB81-B8AB5922C3D8}.Debug|Any CPU.Build.0 = Debug|Any CPU
		{F64F6471-F2FD-4DA0-AB81-B8AB5922C3D8}.Release|Any CPU.ActiveCfg = Release|Any CPU
		{F64F6471-F2FD-4DA0-AB81-B8AB5922C3D8}.Release|Any CPU.Build.0 = Release|Any CPU
		{28A427AB-1D32-4383-BA6E-E588BC9C9973}.Debug|Any CPU.ActiveCfg = Debug|Any CPU
		{28A427AB-1D32-4383-BA6E-E588BC9C9973}.Debug|Any CPU.Build.0 = Debug|Any CPU
		{28A427AB-1D32-4383-BA6E-E588BC9C9973}.Release|Any CPU.ActiveCfg = Release|Any CPU
		{28A427AB-1D32-4383-BA6E-E588BC9C9973}.Release|Any CPU.Build.0 = Release|Any CPU
		{84FB2F67-90A2-4F59-9F10-682CA3F1CCAC}.Debug|Any CPU.ActiveCfg = Debug|Any CPU
		{84FB2F67-90A2-4F59-9F10-682CA3F1CCAC}.Debug|Any CPU.Build.0 = Debug|Any CPU
		{84FB2F67-90A2-4F59-9F10-682CA3F1CCAC}.Release|Any CPU.ActiveCfg = Release|Any CPU
		{84FB2F67-90A2-4F59-9F10-682CA3F1CCAC}.Release|Any CPU.Build.0 = Release|Any CPU
		{4F17C6AC-3CC2-4A6B-902F-71E40A518D00}.Debug|Any CPU.ActiveCfg = Debug|Any CPU
		{4F17C6AC-3CC2-4A6B-902F-71E40A518D00}.Debug|Any CPU.Build.0 = Debug|Any CPU
		{4F17C6AC-3CC2-4A6B-902F-71E40A518D00}.Release|Any CPU.ActiveCfg = Release|Any CPU
		{4F17C6AC-3CC2-4A6B-902F-71E40A518D00}.Release|Any CPU.Build.0 = Release|Any CPU
	EndGlobalSection
	GlobalSection(SolutionProperties) = preSolution
		HideSolutionNode = FALSE
	EndGlobalSection
	GlobalSection(NestedProjects) = preSolution
		{5DDB819E-5536-4288-B8FC-9EA5E592DF55} = {5A6A683B-DFE4-481A-BB51-E94DA4904C59}
		{93FCAFA5-A367-439C-9335-FA72388ACEE1} = {5A6A683B-DFE4-481A-BB51-E94DA4904C59}
		{180C2C83-66FD-4A4B-AC30-34699C94A513} = {5A6A683B-DFE4-481A-BB51-E94DA4904C59}
		{F778C4FF-2887-474E-B67E-F9C7D55BF0C6} = {5A6A683B-DFE4-481A-BB51-E94DA4904C59}
		{885053F5-C7DE-4851-9EF1-1EC67AD67A14} = {180C2C83-66FD-4A4B-AC30-34699C94A513}
		{F64F6471-F2FD-4DA0-AB81-B8AB5922C3D8} = {5DDB819E-5536-4288-B8FC-9EA5E592DF55}
		{28A427AB-1D32-4383-BA6E-E588BC9C9973} = {5DDB819E-5536-4288-B8FC-9EA5E592DF55}
		{84FB2F67-90A2-4F59-9F10-682CA3F1CCAC} = {F778C4FF-2887-474E-B67E-F9C7D55BF0C6}
		{4F17C6AC-3CC2-4A6B-902F-71E40A518D00} = {180C2C83-66FD-4A4B-AC30-34699C94A513}
	EndGlobalSection
	GlobalSection(ExtensibilityGlobals) = postSolution
		SolutionGuid = {47C477FF-5723-4BC8-AAD6-AC8724BF1399}
	EndGlobalSection
EndGlobal
